// !$*UTF8*$!
{
	archiveVersion = 1;
	classes = {
	};
	objectVersion = 55;
	objects = {

/* Begin PBXBuildFile section */
		8A8CB04827E50A2D00A5F432 /* AppDelegate.swift in Sources */ = {isa = PBXBuildFile; fileRef = 8A8CB04727E50A2D00A5F432 /* AppDelegate.swift */; };
		8A8CB04A27E50A2D00A5F432 /* SceneDelegate.swift in Sources */ = {isa = PBXBuildFile; fileRef = 8A8CB04927E50A2D00A5F432 /* SceneDelegate.swift */; };
		8A8CB04C27E50A2D00A5F432 /* ViewController.swift in Sources */ = {isa = PBXBuildFile; fileRef = 8A8CB04B27E50A2D00A5F432 /* ViewController.swift */; };
		8A8CB04F27E50A2D00A5F432 /* Main.storyboard in Resources */ = {isa = PBXBuildFile; fileRef = 8A8CB04D27E50A2D00A5F432 /* Main.storyboard */; };
		8A8CB05127E50A3200A5F432 /* Assets.xcassets in Resources */ = {isa = PBXBuildFile; fileRef = 8A8CB05027E50A3200A5F432 /* Assets.xcassets */; };
		8A8CB05427E50A3200A5F432 /* LaunchScreen.storyboard in Resources */ = {isa = PBXBuildFile; fileRef = 8A8CB05227E50A3200A5F432 /* LaunchScreen.storyboard */; };
		8A8CB05F27E50A3200A5F432 /* NewsTests.swift in Sources */ = {isa = PBXBuildFile; fileRef = 8A8CB05E27E50A3200A5F432 /* NewsTests.swift */; };
		8A8CB06927E50A3200A5F432 /* NewsUITests.swift in Sources */ = {isa = PBXBuildFile; fileRef = 8A8CB06827E50A3200A5F432 /* NewsUITests.swift */; };
		8A8CB06B27E50A3200A5F432 /* NewsUITestsLaunchTests.swift in Sources */ = {isa = PBXBuildFile; fileRef = 8A8CB06A27E50A3200A5F432 /* NewsUITestsLaunchTests.swift */; };
/* End PBXBuildFile section */

/* Begin PBXContainerItemProxy section */
		8A8CB05B27E50A3200A5F432 /* PBXContainerItemProxy */ = {
			isa = PBXContainerItemProxy;
			containerPortal = 8A8CB03C27E50A2C00A5F432 /* Project object */;
			proxyType = 1;
			remoteGlobalIDString = 8A8CB04327E50A2D00A5F432;
			remoteInfo = News;
		};
		8A8CB06527E50A3200A5F432 /* PBXContainerItemProxy */ = {
			isa = PBXContainerItemProxy;
			containerPortal = 8A8CB03C27E50A2C00A5F432 /* Project object */;
			proxyType = 1;
			remoteGlobalIDString = 8A8CB04327E50A2D00A5F432;
			remoteInfo = News;
		};
/* End PBXContainerItemProxy section */

/* Begin PBXFileReference section */
		8A8CB04427E50A2D00A5F432 /* News.app */ = {isa = PBXFileReference; explicitFileType = wrapper.application; includeInIndex = 0; path = News.app; sourceTree = BUILT_PRODUCTS_DIR; };
		8A8CB04727E50A2D00A5F432 /* AppDelegate.swift */ = {isa = PBXFileReference; lastKnownFileType = sourcecode.swift; path = AppDelegate.swift; sourceTree = "<group>"; };
		8A8CB04927E50A2D00A5F432 /* SceneDelegate.swift */ = {isa = PBXFileReference; lastKnownFileType = sourcecode.swift; path = SceneDelegate.swift; sourceTree = "<group>"; };
		8A8CB04B27E50A2D00A5F432 /* ViewController.swift */ = {isa = PBXFileReference; lastKnownFileType = sourcecode.swift; path = ViewController.swift; sourceTree = "<group>"; };
		8A8CB04E27E50A2D00A5F432 /* Base */ = {isa = PBXFileReference; lastKnownFileType = file.storyboard; name = Base; path = Base.lproj/Main.storyboard; sourceTree = "<group>"; };
		8A8CB05027E50A3200A5F432 /* Assets.xcassets */ = {isa = PBXFileReference; lastKnownFileType = folder.assetcatalog; path = Assets.xcassets; sourceTree = "<group>"; };
		8A8CB05327E50A3200A5F432 /* Base */ = {isa = PBXFileReference; lastKnownFileType = file.storyboard; name = Base; path = Base.lproj/LaunchScreen.storyboard; sourceTree = "<group>"; };
		8A8CB05527E50A3200A5F432 /* Info.plist */ = {isa = PBXFileReference; lastKnownFileType = text.plist.xml; path = Info.plist; sourceTree = "<group>"; };
		8A8CB05A27E50A3200A5F432 /* NewsTests.xctest */ = {isa = PBXFileReference; explicitFileType = wrapper.cfbundle; includeInIndex = 0; path = NewsTests.xctest; sourceTree = BUILT_PRODUCTS_DIR; };
		8A8CB05E27E50A3200A5F432 /* NewsTests.swift */ = {isa = PBXFileReference; lastKnownFileType = sourcecode.swift; path = NewsTests.swift; sourceTree = "<group>"; };
		8A8CB06427E50A3200A5F432 /* NewsUITests.xctest */ = {isa = PBXFileReference; explicitFileType = wrapper.cfbundle; includeInIndex = 0; path = NewsUITests.xctest; sourceTree = BUILT_PRODUCTS_DIR; };
		8A8CB06827E50A3200A5F432 /* NewsUITests.swift */ = {isa = PBXFileReference; lastKnownFileType = sourcecode.swift; path = NewsUITests.swift; sourceTree = "<group>"; };
		8A8CB06A27E50A3200A5F432 /* NewsUITestsLaunchTests.swift */ = {isa = PBXFileReference; lastKnownFileType = sourcecode.swift; path = NewsUITestsLaunchTests.swift; sourceTree = "<group>"; };
/* End PBXFileReference section */

/* Begin PBXFrameworksBuildPhase section */
		8A8CB04127E50A2D00A5F432 /* Frameworks */ = {
			isa = PBXFrameworksBuildPhase;
			buildActionMask = 2147483647;
			files = (
			);
			runOnlyForDeploymentPostprocessing = 0;
		};
		8A8CB05727E50A3200A5F432 /* Frameworks */ = {
			isa = PBXFrameworksBuildPhase;
			buildActionMask = 2147483647;
			files = (
			);
			runOnlyForDeploymentPostprocessing = 0;
		};
		8A8CB06127E50A3200A5F432 /* Frameworks */ = {
			isa = PBXFrameworksBuildPhase;
			buildActionMask = 2147483647;
			files = (
			);
			runOnlyForDeploymentPostprocessing = 0;
		};
/* End PBXFrameworksBuildPhase section */

/* Begin PBXGroup section */
		8A8CB03B27E50A2C00A5F432 = {
			isa = PBXGroup;
			children = (
				8A8CB04627E50A2D00A5F432 /* News */,
				8A8CB05D27E50A3200A5F432 /* NewsTests */,
				8A8CB06727E50A3200A5F432 /* NewsUITests */,
				8A8CB04527E50A2D00A5F432 /* Products */,
			);
			sourceTree = "<group>";
		};
		8A8CB04527E50A2D00A5F432 /* Products */ = {
			isa = PBXGroup;
			children = (
				8A8CB04427E50A2D00A5F432 /* News.app */,
				8A8CB05A27E50A3200A5F432 /* NewsTests.xctest */,
				8A8CB06427E50A3200A5F432 /* NewsUITests.xctest */,
			);
			name = Products;
			sourceTree = "<group>";
		};
		8A8CB04627E50A2D00A5F432 /* News */ = {
			isa = PBXGroup;
			children = (
				8A8CB04727E50A2D00A5F432 /* AppDelegate.swift */,
				8A8CB04927E50A2D00A5F432 /* SceneDelegate.swift */,
				8A8CB04B27E50A2D00A5F432 /* ViewController.swift */,
				8A8CB04D27E50A2D00A5F432 /* Main.storyboard */,
				8A8CB05027E50A3200A5F432 /* Assets.xcassets */,
				8A8CB05227E50A3200A5F432 /* LaunchScreen.storyboard */,
				8A8CB05527E50A3200A5F432 /* Info.plist */,
			);
			path = News;
			sourceTree = "<group>";
		};
		8A8CB05D27E50A3200A5F432 /* NewsTests */ = {
			isa = PBXGroup;
			children = (
				8A8CB05E27E50A3200A5F432 /* NewsTests.swift */,
			);
			path = NewsTests;
			sourceTree = "<group>";
		};
		8A8CB06727E50A3200A5F432 /* NewsUITests */ = {
			isa = PBXGroup;
			children = (
				8A8CB06827E50A3200A5F432 /* NewsUITests.swift */,
				8A8CB06A27E50A3200A5F432 /* NewsUITestsLaunchTests.swift */,
			);
			path = NewsUITests;
			sourceTree = "<group>";
		};
/* End PBXGroup section */

/* Begin PBXNativeTarget section */
		8A8CB04327E50A2D00A5F432 /* News */ = {
			isa = PBXNativeTarget;
			buildConfigurationList = 8A8CB06E27E50A3200A5F432 /* Build configuration list for PBXNativeTarget "News" */;
			buildPhases = (
				8A8CB04027E50A2D00A5F432 /* Sources */,
				8A8CB04127E50A2D00A5F432 /* Frameworks */,
				8A8CB04227E50A2D00A5F432 /* Resources */,
			);
			buildRules = (
			);
			dependencies = (
			);
			name = News;
			productName = News;
			productReference = 8A8CB04427E50A2D00A5F432 /* News.app */;
			productType = "com.apple.product-type.application";
		};
		8A8CB05927E50A3200A5F432 /* NewsTests */ = {
			isa = PBXNativeTarget;
			buildConfigurationList = 8A8CB07127E50A3200A5F432 /* Build configuration list for PBXNativeTarget "NewsTests" */;
			buildPhases = (
				8A8CB05627E50A3200A5F432 /* Sources */,
				8A8CB05727E50A3200A5F432 /* Frameworks */,
				8A8CB05827E50A3200A5F432 /* Resources */,
			);
			buildRules = (
			);
			dependencies = (
				8A8CB05C27E50A3200A5F432 /* PBXTargetDependency */,
			);
			name = NewsTests;
			productName = NewsTests;
			productReference = 8A8CB05A27E50A3200A5F432 /* NewsTests.xctest */;
			productType = "com.apple.product-type.bundle.unit-test";
		};
		8A8CB06327E50A3200A5F432 /* NewsUITests */ = {
			isa = PBXNativeTarget;
			buildConfigurationList = 8A8CB07427E50A3200A5F432 /* Build configuration list for PBXNativeTarget "NewsUITests" */;
			buildPhases = (
				8A8CB06027E50A3200A5F432 /* Sources */,
				8A8CB06127E50A3200A5F432 /* Frameworks */,
				8A8CB06227E50A3200A5F432 /* Resources */,
			);
			buildRules = (
			);
			dependencies = (
				8A8CB06627E50A3200A5F432 /* PBXTargetDependency */,
			);
			name = NewsUITests;
			productName = NewsUITests;
			productReference = 8A8CB06427E50A3200A5F432 /* NewsUITests.xctest */;
			productType = "com.apple.product-type.bundle.ui-testing";
		};
/* End PBXNativeTarget section */

/* Begin PBXProject section */
		8A8CB03C27E50A2C00A5F432 /* Project object */ = {
			isa = PBXProject;
			attributes = {
				BuildIndependentTargetsInParallel = 1;
				LastSwiftUpdateCheck = 1320;
				LastUpgradeCheck = 1320;
				TargetAttributes = {
					8A8CB04327E50A2D00A5F432 = {
						CreatedOnToolsVersion = 13.2.1;
					};
					8A8CB05927E50A3200A5F432 = {
						CreatedOnToolsVersion = 13.2.1;
						TestTargetID = 8A8CB04327E50A2D00A5F432;
					};
					8A8CB06327E50A3200A5F432 = {
						CreatedOnToolsVersion = 13.2.1;
						TestTargetID = 8A8CB04327E50A2D00A5F432;
					};
				};
			};
			buildConfigurationList = 8A8CB03F27E50A2C00A5F432 /* Build configuration list for PBXProject "News" */;
			compatibilityVersion = "Xcode 13.0";
			developmentRegion = en;
			hasScannedForEncodings = 0;
			knownRegions = (
				en,
				Base,
			);
			mainGroup = 8A8CB03B27E50A2C00A5F432;
			productRefGroup = 8A8CB04527E50A2D00A5F432 /* Products */;
			projectDirPath = "";
			projectRoot = "";
			targets = (
				8A8CB04327E50A2D00A5F432 /* News */,
				8A8CB05927E50A3200A5F432 /* NewsTests */,
				8A8CB06327E50A3200A5F432 /* NewsUITests */,
			);
		};
/* End PBXProject section */

/* Begin PBXResourcesBuildPhase section */
		8A8CB04227E50A2D00A5F432 /* Resources */ = {
			isa = PBXResourcesBuildPhase;
			buildActionMask = 2147483647;
			files = (
				8A8CB05427E50A3200A5F432 /* LaunchScreen.storyboard in Resources */,
				8A8CB05127E50A3200A5F432 /* Assets.xcassets in Resources */,
				8A8CB04F27E50A2D00A5F432 /* Main.storyboard in Resources */,
			);
			runOnlyForDeploymentPostprocessing = 0;
		};
		8A8CB05827E50A3200A5F432 /* Resources */ = {
			isa = PBXResourcesBuildPhase;
			buildActionMask = 2147483647;
			files = (
			);
			runOnlyForDeploymentPostprocessing = 0;
		};
		8A8CB06227E50A3200A5F432 /* Resources */ = {
			isa = PBXResourcesBuildPhase;
			buildActionMask = 2147483647;
			files = (
			);
			runOnlyForDeploymentPostprocessing = 0;
		};
/* End PBXResourcesBuildPhase section */

/* Begin PBXSourcesBuildPhase section */
		8A8CB04027E50A2D00A5F432 /* Sources */ = {
			isa = PBXSourcesBuildPhase;
			buildActionMask = 2147483647;
			files = (
				8A8CB04C27E50A2D00A5F432 /* ViewController.swift in Sources */,
				8A8CB04827E50A2D00A5F432 /* AppDelegate.swift in Sources */,
				8A8CB04A27E50A2D00A5F432 /* SceneDelegate.swift in Sources */,
			);
			runOnlyForDeploymentPostprocessing = 0;
		};
		8A8CB05627E50A3200A5F432 /* Sources */ = {
			isa = PBXSourcesBuildPhase;
			buildActionMask = 2147483647;
			files = (
				8A8CB05F27E50A3200A5F432 /* NewsTests.swift in Sources */,
			);
			runOnlyForDeploymentPostprocessing = 0;
		};
		8A8CB06027E50A3200A5F432 /* Sources */ = {
			isa = PBXSourcesBuildPhase;
			buildActionMask = 2147483647;
			files = (
				8A8CB06927E50A3200A5F432 /* NewsUITests.swift in Sources */,
				8A8CB06B27E50A3200A5F432 /* NewsUITestsLaunchTests.swift in Sources */,
			);
			runOnlyForDeploymentPostprocessing = 0;
		};
/* End PBXSourcesBuildPhase section */

/* Begin PBXTargetDependency section */
		8A8CB05C27E50A3200A5F432 /* PBXTargetDependency */ = {
			isa = PBXTargetDependency;
			target = 8A8CB04327E50A2D00A5F432 /* News */;
			targetProxy = 8A8CB05B27E50A3200A5F432 /* PBXContainerItemProxy */;
		};
		8A8CB06627E50A3200A5F432 /* PBXTargetDependency */ = {
			isa = PBXTargetDependency;
			target = 8A8CB04327E50A2D00A5F432 /* News */;
			targetProxy = 8A8CB06527E50A3200A5F432 /* PBXContainerItemProxy */;
		};
/* End PBXTargetDependency section */

/* Begin PBXVariantGroup section */
		8A8CB04D27E50A2D00A5F432 /* Main.storyboard */ = {
			isa = PBXVariantGroup;
			children = (
				8A8CB04E27E50A2D00A5F432 /* Base */,
			);
			name = Main.storyboard;
			sourceTree = "<group>";
		};
		8A8CB05227E50A3200A5F432 /* LaunchScreen.storyboard */ = {
			isa = PBXVariantGroup;
			children = (
				8A8CB05327E50A3200A5F432 /* Base */,
			);
			name = LaunchScreen.storyboard;
			sourceTree = "<group>";
		};
/* End PBXVariantGroup section */

/* Begin XCBuildConfiguration section */
		8A8CB06C27E50A3200A5F432 /* Debug */ = {
			isa = XCBuildConfiguration;
			buildSettings = {
				ALWAYS_SEARCH_USER_PATHS = NO;
				CLANG_ANALYZER_NONNULL = YES;
				CLANG_ANALYZER_NUMBER_OBJECT_CONVERSION = YES_AGGRESSIVE;
				CLANG_CXX_LANGUAGE_STANDARD = "gnu++17";
				CLANG_CXX_LIBRARY = "libc++";
				CLANG_ENABLE_MODULES = YES;
				CLANG_ENABLE_OBJC_ARC = YES;
				CLANG_ENABLE_OBJC_WEAK = YES;
				CLANG_WARN_BLOCK_CAPTURE_AUTORELEASING = YES;
				CLANG_WARN_BOOL_CONVERSION = YES;
				CLANG_WARN_COMMA = YES;
				CLANG_WARN_CONSTANT_CONVERSION = YES;
				CLANG_WARN_DEPRECATED_OBJC_IMPLEMENTATIONS = YES;
				CLANG_WARN_DIRECT_OBJC_ISA_USAGE = YES_ERROR;
				CLANG_WARN_DOCUMENTATION_COMMENTS = YES;
				CLANG_WARN_EMPTY_BODY = YES;
				CLANG_WARN_ENUM_CONVERSION = YES;
				CLANG_WARN_INFINITE_RECURSION = YES;
				CLANG_WARN_INT_CONVERSION = YES;
				CLANG_WARN_NON_LITERAL_NULL_CONVERSION = YES;
				CLANG_WARN_OBJC_IMPLICIT_RETAIN_SELF = YES;
				CLANG_WARN_OBJC_LITERAL_CONVERSION = YES;
				CLANG_WARN_OBJC_ROOT_CLASS = YES_ERROR;
				CLANG_WARN_QUOTED_INCLUDE_IN_FRAMEWORK_HEADER = YES;
				CLANG_WARN_RANGE_LOOP_ANALYSIS = YES;
				CLANG_WARN_STRICT_PROTOTYPES = YES;
				CLANG_WARN_SUSPICIOUS_MOVE = YES;
				CLANG_WARN_UNGUARDED_AVAILABILITY = YES_AGGRESSIVE;
				CLANG_WARN_UNREACHABLE_CODE = YES;
				CLANG_WARN__DUPLICATE_METHOD_MATCH = YES;
				COPY_PHASE_STRIP = NO;
				DEBUG_INFORMATION_FORMAT = dwarf;
				ENABLE_STRICT_OBJC_MSGSEND = YES;
				ENABLE_TESTABILITY = YES;
				GCC_C_LANGUAGE_STANDARD = gnu11;
				GCC_DYNAMIC_NO_PIC = NO;
				GCC_NO_COMMON_BLOCKS = YES;
				GCC_OPTIMIZATION_LEVEL = 0;
				GCC_PREPROCESSOR_DEFINITIONS = (
					"DEBUG=1",
					"$(inherited)",
				);
				GCC_WARN_64_TO_32_BIT_CONVERSION = YES;
				GCC_WARN_ABOUT_RETURN_TYPE = YES_ERROR;
				GCC_WARN_UNDECLARED_SELECTOR = YES;
				GCC_WARN_UNINITIALIZED_AUTOS = YES_AGGRESSIVE;
				GCC_WARN_UNUSED_FUNCTION = YES;
				GCC_WARN_UNUSED_VARIABLE = YES;
				IPHONEOS_DEPLOYMENT_TARGET = 15.2;
				MTL_ENABLE_DEBUG_INFO = INCLUDE_SOURCE;
				MTL_FAST_MATH = YES;
				ONLY_ACTIVE_ARCH = YES;
				SDKROOT = iphoneos;
				SWIFT_ACTIVE_COMPILATION_CONDITIONS = DEBUG;
				SWIFT_OPTIMIZATION_LEVEL = "-Onone";
			};
			name = Debug;
		};
		8A8CB06D27E50A3200A5F432 /* Release */ = {
			isa = XCBuildConfiguration;
			buildSettings = {
				ALWAYS_SEARCH_USER_PATHS = NO;
				CLANG_ANALYZER_NONNULL = YES;
				CLANG_ANALYZER_NUMBER_OBJECT_CONVERSION = YES_AGGRESSIVE;
				CLANG_CXX_LANGUAGE_STANDARD = "gnu++17";
				CLANG_CXX_LIBRARY = "libc++";
				CLANG_ENABLE_MODULES = YES;
				CLANG_ENABLE_OBJC_ARC = YES;
				CLANG_ENABLE_OBJC_WEAK = YES;
				CLANG_WARN_BLOCK_CAPTURE_AUTORELEASING = YES;
				CLANG_WARN_BOOL_CONVERSION = YES;
				CLANG_WARN_COMMA = YES;
				CLANG_WARN_CONSTANT_CONVERSION = YES;
				CLANG_WARN_DEPRECATED_OBJC_IMPLEMENTATIONS = YES;
				CLANG_WARN_DIRECT_OBJC_ISA_USAGE = YES_ERROR;
				CLANG_WARN_DOCUMENTATION_COMMENTS = YES;
				CLANG_WARN_EMPTY_BODY = YES;
				CLANG_WARN_ENUM_CONVERSION = YES;
				CLANG_WARN_INFINITE_RECURSION = YES;
				CLANG_WARN_INT_CONVERSION = YES;
				CLANG_WARN_NON_LITERAL_NULL_CONVERSION = YES;
				CLANG_WARN_OBJC_IMPLICIT_RETAIN_SELF = YES;
				CLANG_WARN_OBJC_LITERAL_CONVERSION = YES;
				CLANG_WARN_OBJC_ROOT_CLASS = YES_ERROR;
				CLANG_WARN_QUOTED_INCLUDE_IN_FRAMEWORK_HEADER = YES;
				CLANG_WARN_RANGE_LOOP_ANALYSIS = YES;
				CLANG_WARN_STRICT_PROTOTYPES = YES;
				CLANG_WARN_SUSPICIOUS_MOVE = YES;
				CLANG_WARN_UNGUARDED_AVAILABILITY = YES_AGGRESSIVE;
				CLANG_WARN_UNREACHABLE_CODE = YES;
				CLANG_WARN__DUPLICATE_METHOD_MATCH = YES;
				COPY_PHASE_STRIP = NO;
				DEBUG_INFORMATION_FORMAT = "dwarf-with-dsym";
				ENABLE_NS_ASSERTIONS = NO;
				ENABLE_STRICT_OBJC_MSGSEND = YES;
				GCC_C_LANGUAGE_STANDARD = gnu11;
				GCC_NO_COMMON_BLOCKS = YES;
				GCC_WARN_64_TO_32_BIT_CONVERSION = YES;
				GCC_WARN_ABOUT_RETURN_TYPE = YES_ERROR;
				GCC_WARN_UNDECLARED_SELECTOR = YES;
				GCC_WARN_UNINITIALIZED_AUTOS = YES_AGGRESSIVE;
				GCC_WARN_UNUSED_FUNCTION = YES;
				GCC_WARN_UNUSED_VARIABLE = YES;
				IPHONEOS_DEPLOYMENT_TARGET = 15.2;
				MTL_ENABLE_DEBUG_INFO = NO;
				MTL_FAST_MATH = YES;
				SDKROOT = iphoneos;
				SWIFT_COMPILATION_MODE = wholemodule;
				SWIFT_OPTIMIZATION_LEVEL = "-O";
				VALIDATE_PRODUCT = YES;
			};
			name = Release;
		};
		8A8CB06F27E50A3200A5F432 /* Debug */ = {
			isa = XCBuildConfiguration;
			buildSettings = {
				ASSETCATALOG_COMPILER_APPICON_NAME = AppIcon;
				ASSETCATALOG_COMPILER_GLOBAL_ACCENT_COLOR_NAME = AccentColor;
				CODE_SIGN_STYLE = Automatic;
				CURRENT_PROJECT_VERSION = 1;
				DEVELOPMENT_TEAM = 63X5QBAPTE;
				GENERATE_INFOPLIST_FILE = YES;
				INFOPLIST_FILE = News/Info.plist;
				INFOPLIST_KEY_UIApplicationSupportsIndirectInputEvents = YES;
				INFOPLIST_KEY_UILaunchStoryboardName = LaunchScreen;
				INFOPLIST_KEY_UIMainStoryboardFile = Main;
				INFOPLIST_KEY_UISupportedInterfaceOrientations_iPad = "UIInterfaceOrientationPortrait UIInterfaceOrientationPortraitUpsideDown UIInterfaceOrientationLandscapeLeft UIInterfaceOrientationLandscapeRight";
				INFOPLIST_KEY_UISupportedInterfaceOrientations_iPhone = "UIInterfaceOrientationPortrait UIInterfaceOrientationLandscapeLeft UIInterfaceOrientationLandscapeRight";
				LD_RUNPATH_SEARCH_PATHS = (
					"$(inherited)",
					"@executable_path/Frameworks",
				);
				MARKETING_VERSION = 1.0;
				PRODUCT_BUNDLE_IDENTIFIER = com.tomas.News;
				PRODUCT_NAME = "$(TARGET_NAME)";
				SWIFT_EMIT_LOC_STRINGS = YES;
				SWIFT_VERSION = 5.0;
				TARGETED_DEVICE_FAMILY = "1,2";
			};
			name = Debug;
		};
		8A8CB07027E50A3200A5F432 /* Release */ = {
			isa = XCBuildConfiguration;
			buildSettings = {
				ASSETCATALOG_COMPILER_APPICON_NAME = AppIcon;
				ASSETCATALOG_COMPILER_GLOBAL_ACCENT_COLOR_NAME = AccentColor;
				CODE_SIGN_STYLE = Automatic;
				CURRENT_PROJECT_VERSION = 1;
				DEVELOPMENT_TEAM = 63X5QBAPTE;
				GENERATE_INFOPLIST_FILE = YES;
				INFOPLIST_FILE = News/Info.plist;
				INFOPLIST_KEY_UIApplicationSupportsIndirectInputEvents = YES;
				INFOPLIST_KEY_UILaunchStoryboardName = LaunchScreen;
				INFOPLIST_KEY_UIMainStoryboardFile = Main;
				INFOPLIST_KEY_UISupportedInterfaceOrientations_iPad = "UIInterfaceOrientationPortrait UIInterfaceOrientationPortraitUpsideDown UIInterfaceOrientationLandscapeLeft UIInterfaceOrientationLandscapeRight";
				INFOPLIST_KEY_UISupportedInterfaceOrientations_iPhone = "UIInterfaceOrientationPortrait UIInterfaceOrientationLandscapeLeft UIInterfaceOrientationLandscapeRight";
				LD_RUNPATH_SEARCH_PATHS = (
					"$(inherited)",
					"@executable_path/Frameworks",
				);
				MARKETING_VERSION = 1.0;
				PRODUCT_BUNDLE_IDENTIFIER = com.tomas.News;
				PRODUCT_NAME = "$(TARGET_NAME)";
				SWIFT_EMIT_LOC_STRINGS = YES;
				SWIFT_VERSION = 5.0;
				TARGETED_DEVICE_FAMILY = "1,2";
			};
			name = Release;
		};
		8A8CB07227E50A3200A5F432 /* Debug */ = {
			isa = XCBuildConfiguration;
			buildSettings = {
				ALWAYS_EMBED_SWIFT_STANDARD_LIBRARIES = YES;
				BUNDLE_LOADER = "$(TEST_HOST)";
				CODE_SIGN_STYLE = Automatic;
				CURRENT_PROJECT_VERSION = 1;
				DEVELOPMENT_TEAM = 63X5QBAPTE;
				GENERATE_INFOPLIST_FILE = YES;
				IPHONEOS_DEPLOYMENT_TARGET = 15.2;
				MARKETING_VERSION = 1.0;
				PRODUCT_BUNDLE_IDENTIFIER = com.tomas.NewsTests;
				PRODUCT_NAME = "$(TARGET_NAME)";
				SWIFT_EMIT_LOC_STRINGS = NO;
				SWIFT_VERSION = 5.0;
				TARGETED_DEVICE_FAMILY = "1,2";
				TEST_HOST = "$(BUILT_PRODUCTS_DIR)/News.app/News";
			};
			name = Debug;
		};
		8A8CB07327E50A3200A5F432 /* Release */ = {
			isa = XCBuildConfiguration;
			buildSettings = {
				ALWAYS_EMBED_SWIFT_STANDARD_LIBRARIES = YES;
				BUNDLE_LOADER = "$(TEST_HOST)";
				CODE_SIGN_STYLE = Automatic;
				CURRENT_PROJECT_VERSION = 1;
				DEVELOPMENT_TEAM = 63X5QBAPTE;
				GENERATE_INFOPLIST_FILE = YES;
				IPHONEOS_DEPLOYMENT_TARGET = 15.2;
				MARKETING_VERSION = 1.0;
				PRODUCT_BUNDLE_IDENTIFIER = com.tomas.NewsTests;
				PRODUCT_NAME = "$(TARGET_NAME)";
				SWIFT_EMIT_LOC_STRINGS = NO;
				SWIFT_VERSION = 5.0;
				TARGETED_DEVICE_FAMILY = "1,2";
				TEST_HOST = "$(BUILT_PRODUCTS_DIR)/News.app/News";
			};
			name = Release;
		};
		8A8CB07527E50A3200A5F432 /* Debug */ = {
			isa = XCBuildConfiguration;
			buildSettings = {
				ALWAYS_EMBED_SWIFT_STANDARD_LIBRARIES = YES;
				CODE_SIGN_STYLE = Automatic;
				CURRENT_PROJECT_VERSION = 1;
				DEVELOPMENT_TEAM = 63X5QBAPTE;
				GENERATE_INFOPLIST_FILE = YES;
				MARKETING_VERSION = 1.0;
				PRODUCT_BUNDLE_IDENTIFIER = com.tomas.NewsUITests;
				PRODUCT_NAME = "$(TARGET_NAME)";
				SWIFT_EMIT_LOC_STRINGS = NO;
				SWIFT_VERSION = 5.0;
				TARGETED_DEVICE_FAMILY = "1,2";
				TEST_TARGET_NAME = News;
			};
			name = Debug;
		};
		8A8CB07627E50A3200A5F432 /* Release */ = {
			isa = XCBuildConfiguration;
			buildSettings = {
				ALWAYS_EMBED_SWIFT_STANDARD_LIBRARIES = YES;
				CODE_SIGN_STYLE = Automatic;
				CURRENT_PROJECT_VERSION = 1;
				DEVELOPMENT_TEAM = 63X5QBAPTE;
				GENERATE_INFOPLIST_FILE = YES;
				MARKETING_VERSION = 1.0;
				PRODUCT_BUNDLE_IDENTIFIER = com.tomas.NewsUITests;
				PRODUCT_NAME = "$(TARGET_NAME)";
				SWIFT_EMIT_LOC_STRINGS = NO;
				SWIFT_VERSION = 5.0;
				TARGETED_DEVICE_FAMILY = "1,2";
				TEST_TARGET_NAME = News;
			};
			name = Release;
		};
/* End XCBuildConfiguration section */

/* Begin XCConfigurationList section */
		8A8CB03F27E50A2C00A5F432 /* Build configuration list for PBXProject "News" */ = {
			isa = XCConfigurationList;
			buildConfigurations = (
				8A8CB06C27E50A3200A5F432 /* Debug */,
				8A8CB06D27E50A3200A5F432 /* Release */,
			);
			defaultConfigurationIsVisible = 0;
			defaultConfigurationName = Release;
		};
		8A8CB06E27E50A3200A5F432 /* Build configuration list for PBXNativeTarget "News" */ = {
			isa = XCConfigurationList;
			buildConfigurations = (
				8A8CB06F27E50A3200A5F432 /* Debug */,
				8A8CB07027E50A3200A5F432 /* Release */,
			);
			defaultConfigurationIsVisible = 0;
			defaultConfigurationName = Release;
		};
		8A8CB07127E50A3200A5F432 /* Build configuration list for PBXNativeTarget "NewsTests" */ = {
			isa = XCConfigurationList;
			buildConfigurations = (
				8A8CB07227E50A3200A5F432 /* Debug */,
				8A8CB07327E50A3200A5F432 /* Release */,
			);
			defaultConfigurationIsVisible = 0;
			defaultConfigurationName = Release;
		};
		8A8CB07427E50A3200A5F432 /* Build configuration list for PBXNativeTarget "NewsUITests" */ = {
			isa = XCConfigurationList;
			buildConfigurations = (
				8A8CB07527E50A3200A5F432 /* Debug */,
				8A8CB07627E50A3200A5F432 /* Release */,
			);
			defaultConfigurationIsVisible = 0;
			defaultConfigurationName = Release;
		};
/* End XCConfigurationList section */
	};
	rootObject = 8A8CB03C27E50A2C00A5F432 /* Project object */;
}
